{
  "nodes": {
    "nixCats": {
      "locked": {
        "lastModified": 1743410467,
        "narHash": "sha256-R1HPtByFlpyV9Yt9PA85P1Z2Z1/9iGMhbGpXeC6tW4I=",
        "owner": "BirdeeHub",
        "repo": "nixCats-nvim",
        "rev": "212178d2ceb8f1997848a38b8f9ef4bd185e0045",
        "type": "github"
      },
      "original": {
        "owner": "BirdeeHub",
        "repo": "nixCats-nvim",
        "type": "github"
      }
    },
    "nixpkgs": {
      "locked": {
        "lastModified": 1743259260,
        "narHash": "sha256-ArWLUgRm1tKHiqlhnymyVqi5kLNCK5ghvm06mfCl4QY=",
        "owner": "nixos",
        "repo": "nixpkgs",
        "rev": "eb0e0f21f15c559d2ac7633dc81d079d1caf5f5f",
        "type": "github"
      },
      "original": {
        "owner": "nixos",
        "ref": "nixpkgs-unstable",
        "repo": "nixpkgs",
        "type": "github"
      }
    },
    "root": {
      "inputs": {
        "nixCats": "nixCats",
        "nixpkgs": "nixpkgs"
      }
    }
  },
  "root": "root",
  "version": 7
}
