{
  "nodes": {
    "nixCats": {
      "locked": {
        "lastModified": 1751874031,
        "narHash": "sha256-Bj8RGeMMNT4MThQJaKjML123kTXiKtTPsXWC2ieaiDc=",
        "owner": "BirdeeHub",
        "repo": "nixCats-nvim",
        "rev": "a985eb3e7d30d3f9c9cf7e8a8718d2d10126bcbd",
        "type": "github"
      },
      "original": {
        "owner": "BirdeeHub",
        "repo": "nixCats-nvim",
        "type": "github"
      }
    },
    "nixpkgs": {
      "locked": {
        "lastModified": 1752077645,
        "narHash": "sha256-HM791ZQtXV93xtCY+ZxG1REzhQenSQO020cu6rHtAPk=",
        "owner": "nixos",
        "repo": "nixpkgs",
        "rev": "be9e214982e20b8310878ac2baa063a961c1bdf6",
        "type": "github"
      },
      "original": {
        "owner": "nixos",
        "ref": "nixpkgs-unstable",
        "repo": "nixpkgs",
        "type": "github"
      }
    },
    "plugins-dmacro": {
      "flake": false,
      "locked": {
        "lastModified": 1734502504,
        "narHash": "sha256-jA8KDNDV3/4lOPxSNp3f0giNEIsubAe8dxiAYohslsg=",
        "owner": "tani",
        "repo": "dmacro.vim",
        "rev": "25ab1df31d216c4ff7554c262f92b5c0c6b743f0",
        "type": "github"
      },
      "original": {
        "owner": "tani",
        "repo": "dmacro.vim",
        "type": "github"
      }
    },
    "plugins-multicursor": {
      "flake": false,
      "locked": {
        "lastModified": 1748503644,
        "narHash": "sha256-NUOJlFZhB8OqBlkp+dXUQzFTHvPCMmWFMMTWmV7XdLQ=",
        "owner": "jake-stewart",
        "repo": "multicursor.nvim",
        "rev": "6fba38bccf45cfb681f4ff6098f886213f299a34",
        "type": "github"
      },
      "original": {
        "owner": "jake-stewart",
        "repo": "multicursor.nvim",
        "type": "github"
      }
    },
    "root": {
      "inputs": {
        "nixCats": "nixCats",
        "nixpkgs": "nixpkgs",
        "plugins-dmacro": "plugins-dmacro",
        "plugins-multicursor": "plugins-multicursor"
      }
    }
  },
  "root": "root",
  "version": 7
}
