{
  "nodes": {
    "nixCats": {
      "locked": {
        "lastModified": 1744136093,
        "narHash": "sha256-mdI4Y6j9ZZm1cLkvhAgUISaZK/WT9Xh0LemOUfOsBic=",
        "owner": "BirdeeHub",
        "repo": "nixCats-nvim",
        "rev": "9ea41c71e8ea5aa81d6a677bbe1c10315f90a610",
        "type": "github"
      },
      "original": {
        "owner": "BirdeeHub",
        "repo": "nixCats-nvim",
        "type": "github"
      }
    },
    "nixpkgs": {
      "locked": {
        "lastModified": 1744157173,
        "narHash": "sha256-bWSjxDwq7iVePrhmA7tY2dyMWHuNJo8knkO4y+q4ZkY=",
        "owner": "nixos",
        "repo": "nixpkgs",
        "rev": "6a39c6e495eefabc935d8ddf66aa45d85b85fa3f",
        "type": "github"
      },
      "original": {
        "owner": "nixos",
        "ref": "nixpkgs-unstable",
        "repo": "nixpkgs",
        "type": "github"
      }
    },
    "root": {
      "inputs": {
        "nixCats": "nixCats",
        "nixpkgs": "nixpkgs"
      }
    }
  },
  "root": "root",
  "version": 7
}
